
Microsoft Visual Studio Solution File, Format Version 12.00
# Visual Studio Version 17
VisualStudioVersion = 17.14.36616.10 d17.14
MinimumVisualStudioVersion = 10.0.40219.1
Project("{8BC9CEB8-8B4A-11D0-8D11-00A0C91BC942}") = "第007-07集", "第007-07集\第007-07集.vcxproj", "{3A3DB425-C556-4D05-B72A-111FBE2EFDD0}"
EndProject
Global
	GlobalSection(SolutionConfigurationPlatforms) = preSolution
		Debug|x64 = Debug|x64
		Debug|x86 = Debug|x86
		Release|x64 = Release|x64
		Release|x86 = Release|x86
	EndGlobalSection
	GlobalSection(ProjectConfigurationPlatforms) = postSolution
		{3A3DB425-C556-4D05-B72A-111FBE2EFDD0}.Debug|x64.ActiveCfg = Debug|x64
		{3A3DB425-C556-4D05-B72A-111FBE2EFDD0}.Debug|x64.Build.0 = Debug|x64
		{3A3DB425-C556-4D05-B72A-111FBE2EFDD0}.Debug|x86.ActiveCfg = Debug|Win32
		{3A3DB425-C556-4D05-B72A-111FBE2EFDD0}.Debug|x86.Build.0 = Debug|Win32
		{3A3DB425-C556-4D05-B72A-111FBE2EFDD0}.Release|x64.ActiveCfg = Release|x64
		{3A3DB425-C556-4D05-B72A-111FBE2EFDD0}.Release|x64.Build.0 = Release|x64
		{3A3DB425-C556-4D05-B72A-111FBE2EFDD0}.Release|x86.ActiveCfg = Release|Win32
		{3A3DB425-C556-4D05-B72A-111FBE2EFDD0}.Release|x86.Build.0 = Release|Win32
	EndGlobalSection
	GlobalSection(SolutionProperties) = preSolution
		HideSolutionNode = FALSE
	EndGlobalSection
	GlobalSection(ExtensibilityGlobals) = postSolution
		SolutionGuid = {AA91CB1E-6D2A-42A1-B8D9-FA5EBBDC6E25}
	EndGlobalSection
EndGlobal
